# Copyright 2026 "Google LLC"
#
# Licensed under the Apache License, Version 2.0 (the "License");
# you may not use this file except in compliance with the License.
# You may obtain a copy of the License at
#
#     http://www.apache.org/licenses/LICENSE-2.0
#
# Unless required by applicable law or agreed to in writing, software
# distributed under the License is distributed on an "AS IS" BASIS,
# WITHOUT WARRANTIES OR CONDITIONS OF ANY KIND, either express or implied.
# See the License for the specific language governing permissions and
# limitations under the License.

---

- name: Create Local Empty Lock File
  ansible.builtin.file:
    path: "{{ local_lock_file }}"
    state: touch

- name: Verify Lock Bucket Exists (Fail Fast)
  ansible.builtin.shell: |
    gsutil ls "{{ hostvars['localhost']['gcs_lock_bucket'] }}"
  register: bucket_check
  delegate_to: localhost
  failed_when: bucket_check.rc != 0

- name: "Check and Break Stale Locks (TTL: 4 hours)"
  ansible.builtin.shell: |
    CREATE_TIME=$(gsutil stat "{{ hostvars['localhost']['lock_file_path'] }}" 2>/dev/null | grep "Creation time:" | awk -F': ' '{print $2}') || true
    if [ -n "$CREATE_TIME" ]; then
      CREATE_EPOCH=$(date -d "$CREATE_TIME" +%s 2>/dev/null || date -j -f "%a, %d %b %Y %H:%M:%S %Z" "$CREATE_TIME" +%s)
      NOW_EPOCH=$(date +%s)
      AGE_SECONDS=$((NOW_EPOCH - CREATE_EPOCH))
      if [ "$AGE_SECONDS" -gt 14400 ]; then
        echo "Lock is older than 4 hours ($AGE_SECONDS seconds). Breaking stale lock."
        gsutil rm "{{ hostvars['localhost']['lock_file_path'] }}"
      fi
    fi
  delegate_to: localhost
  changed_when: false

- name: Acquire Test Namespace Lock
  ansible.builtin.shell: |
    timeout 60s gsutil cp -n "{{ hostvars['localhost']['local_lock_file'] }}" "{{ hostvars['localhost']['lock_file_path'] }}"
  register: lock_acquired
  changed_when: lock_acquired.rc == 0
  retries: 30  # Retry for 30 minutes
  delay: 60    # Wait 60 seconds between retries
  until: lock_acquired.rc == 0
  delegate_to: localhost
