[0m[1mmodule.pubsub.data.google_project.project: Reading...[0m[0m
[0m[1mmodule.pubsub.data.google_project.project: Read complete after 1s [id=projects/matthews-personal-project][0m

Terraform used the selected providers to generate the following execution
plan. Resource actions are indicated with the following symbols:
  [32m+[0m create
[0m
Terraform will perform the following actions:

[1m  # google_compute_instance.server_vm[0m will be created[0m[0m
[0m  [32m+[0m[0m resource "google_compute_instance" "server_vm" {
      [32m+[0m [0m[1m[0mcan_ip_forward[0m[0m       = false
      [32m+[0m [0m[1m[0mcpu_platform[0m[0m         = (known after apply)
      [32m+[0m [0m[1m[0mcurrent_status[0m[0m       = (known after apply)
      [32m+[0m [0m[1m[0mdeletion_protection[0m[0m  = false
      [32m+[0m [0m[1m[0mguest_accelerator[0m[0m    = (known after apply)
      [32m+[0m [0m[1m[0mid[0m[0m                   = (known after apply)
      [32m+[0m [0m[1m[0minstance_id[0m[0m          = (known after apply)
      [32m+[0m [0m[1m[0mlabel_fingerprint[0m[0m    = (known after apply)
      [32m+[0m [0m[1m[0mlabels[0m[0m               = {
          [32m+[0m [0m"creator"   = "matthew"
          [32m+[0m [0m"ghpcfe_id" = "nagheye"
        }
      [32m+[0m [0m[1m[0mmachine_type[0m[0m         = "e2-standard-2"
      [32m+[0m [0m[1m[0mmetadata[0m[0m             = (known after apply)
      [32m+[0m [0m[1m[0mmetadata_fingerprint[0m[0m = (known after apply)
      [32m+[0m [0m[1m[0mmin_cpu_platform[0m[0m     = (known after apply)
      [32m+[0m [0m[1m[0mname[0m[0m                 = "nagheye-server"
      [32m+[0m [0m[1m[0mproject[0m[0m              = (known after apply)
      [32m+[0m [0m[1m[0mself_link[0m[0m            = (known after apply)
      [32m+[0m [0m[1m[0mtags[0m[0m                 = [
          [32m+[0m [0m"http-server",
          [32m+[0m [0m"https-server",
          [32m+[0m [0m"ssh-server",
        ]
      [32m+[0m [0m[1m[0mtags_fingerprint[0m[0m     = (known after apply)
      [32m+[0m [0m[1m[0mzone[0m[0m                 = "europe-west4-a"

      [32m+[0m [0mboot_disk {
          [32m+[0m [0m[1m[0mauto_delete[0m[0m                = true
          [32m+[0m [0m[1m[0mdevice_name[0m[0m                = (known after apply)
          [32m+[0m [0m[1m[0mdisk_encryption_key_sha256[0m[0m = (known after apply)
          [32m+[0m [0m[1m[0mkms_key_self_link[0m[0m          = (known after apply)
          [32m+[0m [0m[1m[0mmode[0m[0m                       = "READ_WRITE"
          [32m+[0m [0m[1m[0msource[0m[0m                     = (known after apply)

          [32m+[0m [0minitialize_params {
              [32m+[0m [0m[1m[0mimage[0m[0m  = "projects/rocky-linux-cloud/global/images/rocky-linux-8-v20220126"
              [32m+[0m [0m[1m[0mlabels[0m[0m = (known after apply)
              [32m+[0m [0m[1m[0msize[0m[0m   = 30
              [32m+[0m [0m[1m[0mtype[0m[0m   = "pd-ssd"
            }
        }

      [32m+[0m [0mconfidential_instance_config {
          [32m+[0m [0m[1m[0menable_confidential_compute[0m[0m = (known after apply)
        }

      [32m+[0m [0mnetwork_interface {
          [32m+[0m [0m[1m[0mipv6_access_type[0m[0m   = (known after apply)
          [32m+[0m [0m[1m[0mname[0m[0m               = (known after apply)
          [32m+[0m [0m[1m[0mnetwork[0m[0m            = (known after apply)
          [32m+[0m [0m[1m[0mnetwork_ip[0m[0m         = (known after apply)
          [32m+[0m [0m[1m[0mstack_type[0m[0m         = (known after apply)
          [32m+[0m [0m[1m[0msubnetwork[0m[0m         = "nagheye-subnetwork"
          [32m+[0m [0m[1m[0msubnetwork_project[0m[0m = (known after apply)

          [32m+[0m [0maccess_config {
              [32m+[0m [0m[1m[0mnat_ip[0m[0m       = (known after apply)
              [32m+[0m [0m[1m[0mnetwork_tier[0m[0m = (known after apply)
            }
        }

      [32m+[0m [0mreservation_affinity {
          [32m+[0m [0m[1m[0mtype[0m[0m = (known after apply)

          [32m+[0m [0mspecific_reservation {
              [32m+[0m [0m[1m[0mkey[0m[0m    = (known after apply)
              [32m+[0m [0m[1m[0mvalues[0m[0m = (known after apply)
            }
        }

      [32m+[0m [0mscheduling {
          [32m+[0m [0m[1m[0mautomatic_restart[0m[0m   = true
          [32m+[0m [0m[1m[0mon_host_maintenance[0m[0m = "MIGRATE"
          [32m+[0m [0m[1m[0mpreemptible[0m[0m         = false
        }

      [32m+[0m [0mservice_account {
          [32m+[0m [0m[1m[0memail[0m[0m  = (known after apply)
          [32m+[0m [0m[1m[0mscopes[0m[0m = [
              [32m+[0m [0m"https://www.googleapis.com/auth/devstorage.full_control",
              [32m+[0m [0m"https://www.googleapis.com/auth/logging.write",
              [32m+[0m [0m"https://www.googleapis.com/auth/monitoring.write",
              [32m+[0m [0m"https://www.googleapis.com/auth/pubsub",
              [32m+[0m [0m"https://www.googleapis.com/auth/service.management.readonly",
              [32m+[0m [0m"https://www.googleapis.com/auth/servicecontrol",
              [32m+[0m [0m"https://www.googleapis.com/auth/trace.append",
            ]
        }
    }

[1m  # google_storage_bucket_object.config_file[0m will be created[0m[0m
[0m  [32m+[0m[0m resource "google_storage_bucket_object" "config_file" {
      [32m+[0m [0m[1m[0mbucket[0m[0m         = "nagheye-europe-west4-storage"
      [32m+[0m [0m[1m[0mcontent[0m[0m        = (sensitive value)
      [32m+[0m [0m[1m[0mcontent_type[0m[0m   = (known after apply)
      [32m+[0m [0m[1m[0mcrc32c[0m[0m         = (known after apply)
      [32m+[0m [0m[1m[0mdetect_md5hash[0m[0m = "different hash"
      [32m+[0m [0m[1m[0mid[0m[0m             = (known after apply)
      [32m+[0m [0m[1m[0mkms_key_name[0m[0m   = (known after apply)
      [32m+[0m [0m[1m[0mmd5hash[0m[0m        = (known after apply)
      [32m+[0m [0m[1m[0mmedia_link[0m[0m     = (known after apply)
      [32m+[0m [0m[1m[0mname[0m[0m           = "webserver/config"
      [32m+[0m [0m[1m[0moutput_name[0m[0m    = (known after apply)
      [32m+[0m [0m[1m[0mself_link[0m[0m      = (known after apply)
      [32m+[0m [0m[1m[0mstorage_class[0m[0m  = (known after apply)
    }

[1m  # google_storage_bucket_object.deployment_file[0][0m will be created[0m[0m
[0m  [32m+[0m[0m resource "google_storage_bucket_object" "deployment_file" {
      [32m+[0m [0m[1m[0mbucket[0m[0m         = "nagheye-europe-west4-storage"
      [32m+[0m [0m[1m[0mcontent_type[0m[0m   = (known after apply)
      [32m+[0m [0m[1m[0mcrc32c[0m[0m         = (known after apply)
      [32m+[0m [0m[1m[0mdetect_md5hash[0m[0m = "different hash"
      [32m+[0m [0m[1m[0mid[0m[0m             = (known after apply)
      [32m+[0m [0m[1m[0mkms_key_name[0m[0m   = (known after apply)
      [32m+[0m [0m[1m[0mmd5hash[0m[0m        = (known after apply)
      [32m+[0m [0m[1m[0mmedia_link[0m[0m     = (known after apply)
      [32m+[0m [0m[1m[0mname[0m[0m           = "webserver/deployment.tar.gz"
      [32m+[0m [0m[1m[0moutput_name[0m[0m    = (known after apply)
      [32m+[0m [0m[1m[0mself_link[0m[0m      = (known after apply)
      [32m+[0m [0m[1m[0msource[0m[0m         = "deployment.tar.gz"
      [32m+[0m [0m[1m[0mstorage_class[0m[0m  = (known after apply)
    }

[1m  # null_resource.uploader[0m will be created[0m[0m
[0m  [32m+[0m[0m resource "null_resource" "uploader" {
      [32m+[0m [0m[1m[0mid[0m[0m = (known after apply)
    }

[1m  # module.control_bucket.google_storage_bucket.buckets["storage"][0m will be created[0m[0m
[0m  [32m+[0m[0m resource "google_storage_bucket" "buckets" {
      [32m+[0m [0m[1m[0mbucket_policy_only[0m[0m          = (known after apply)
      [32m+[0m [0m[1m[0mforce_destroy[0m[0m               = true
      [32m+[0m [0m[1m[0mid[0m[0m                          = (known after apply)
      [32m+[0m [0m[1m[0mlabels[0m[0m                      = {
          [32m+[0m [0m"creator"   = "matthew"
          [32m+[0m [0m"ghpcfe_id" = "nagheye"
          [32m+[0m [0m"name"      = "nagheye-europe-west4-storage"
        }
      [32m+[0m [0m[1m[0mlocation[0m[0m                    = "EUROPE-WEST4"
      [32m+[0m [0m[1m[0mname[0m[0m                        = "nagheye-europe-west4-storage"
      [32m+[0m [0m[1m[0mproject[0m[0m                     = "matthews-personal-project"
      [32m+[0m [0m[1m[0mself_link[0m[0m                   = (known after apply)
      [32m+[0m [0m[1m[0mstorage_class[0m[0m               = "STANDARD"
      [32m+[0m [0m[1m[0muniform_bucket_level_access[0m[0m = true
      [32m+[0m [0m[1m[0murl[0m[0m                         = (known after apply)

      [32m+[0m [0mversioning {
          [32m+[0m [0m[1m[0menabled[0m[0m = false
        }
    }

[1m  # module.control_bucket.google_storage_bucket_iam_binding.admins["storage"][0m will be created[0m[0m
[0m  [32m+[0m[0m resource "google_storage_bucket_iam_binding" "admins" {
      [32m+[0m [0m[1m[0mbucket[0m[0m  = "nagheye-europe-west4-storage"
      [32m+[0m [0m[1m[0metag[0m[0m    = (known after apply)
      [32m+[0m [0m[1m[0mid[0m[0m      = (known after apply)
      [32m+[0m [0m[1m[0mmembers[0m[0m = (known after apply)
      [32m+[0m [0m[1m[0mrole[0m[0m    = "roles/storage.objectAdmin"
    }

[1m  # module.control_bucket.google_storage_bucket_iam_binding.storage_admins["storage"][0m will be created[0m[0m
[0m  [32m+[0m[0m resource "google_storage_bucket_iam_binding" "storage_admins" {
      [32m+[0m [0m[1m[0mbucket[0m[0m  = "nagheye-europe-west4-storage"
      [32m+[0m [0m[1m[0metag[0m[0m    = (known after apply)
      [32m+[0m [0m[1m[0mid[0m[0m      = (known after apply)
      [32m+[0m [0m[1m[0mmembers[0m[0m = (known after apply)
      [32m+[0m [0m[1m[0mrole[0m[0m    = "roles/storage.admin"
    }

[1m  # module.control_bucket.random_id.bucket_suffix[0m will be created[0m[0m
[0m  [32m+[0m[0m resource "random_id" "bucket_suffix" {
      [32m+[0m [0m[1m[0mb64_std[0m[0m     = (known after apply)
      [32m+[0m [0m[1m[0mb64_url[0m[0m     = (known after apply)
      [32m+[0m [0m[1m[0mbyte_length[0m[0m = 2
      [32m+[0m [0m[1m[0mdec[0m[0m         = (known after apply)
      [32m+[0m [0m[1m[0mhex[0m[0m         = (known after apply)
      [32m+[0m [0m[1m[0mid[0m[0m          = (known after apply)
    }

[1m  # module.network[0].google_compute_firewall.allow_http_rule[0m will be created[0m[0m
[0m  [32m+[0m[0m resource "google_compute_firewall" "allow_http_rule" {
      [32m+[0m [0m[1m[0mcreation_timestamp[0m[0m = (known after apply)
      [32m+[0m [0m[1m[0mdestination_ranges[0m[0m = (known after apply)
      [32m+[0m [0m[1m[0mdirection[0m[0m          = (known after apply)
      [32m+[0m [0m[1m[0menable_logging[0m[0m     = (known after apply)
      [32m+[0m [0m[1m[0mid[0m[0m                 = (known after apply)
      [32m+[0m [0m[1m[0mname[0m[0m               = "nagheye-allow-http"
      [32m+[0m [0m[1m[0mnetwork[0m[0m            = "nagheye-network"
      [32m+[0m [0m[1m[0mpriority[0m[0m           = 1000
      [32m+[0m [0m[1m[0mproject[0m[0m            = "matthews-personal-project"
      [32m+[0m [0m[1m[0mself_link[0m[0m          = (known after apply)
      [32m+[0m [0m[1m[0msource_ranges[0m[0m      = [
          [32m+[0m [0m"0.0.0.0/0",
        ]
      [32m+[0m [0m[1m[0msource_tags[0m[0m        = [
          [32m+[0m [0m"http-server",
        ]

      [32m+[0m [0mallow {
          [32m+[0m [0m[1m[0mports[0m[0m    = [
              [32m+[0m [0m"80",
            ]
          [32m+[0m [0m[1m[0mprotocol[0m[0m = "tcp"
        }
    }

[1m  # module.network[0].google_compute_firewall.allow_https_rule[0m will be created[0m[0m
[0m  [32m+[0m[0m resource "google_compute_firewall" "allow_https_rule" {
      [32m+[0m [0m[1m[0mcreation_timestamp[0m[0m = (known after apply)
      [32m+[0m [0m[1m[0mdestination_ranges[0m[0m = (known after apply)
      [32m+[0m [0m[1m[0mdirection[0m[0m          = (known after apply)
      [32m+[0m [0m[1m[0menable_logging[0m[0m     = (known after apply)
      [32m+[0m [0m[1m[0mid[0m[0m                 = (known after apply)
      [32m+[0m [0m[1m[0mname[0m[0m               = "nagheye-allow-https"
      [32m+[0m [0m[1m[0mnetwork[0m[0m            = "nagheye-network"
      [32m+[0m [0m[1m[0mpriority[0m[0m           = 1000
      [32m+[0m [0m[1m[0mproject[0m[0m            = "matthews-personal-project"
      [32m+[0m [0m[1m[0mself_link[0m[0m          = (known after apply)
      [32m+[0m [0m[1m[0msource_ranges[0m[0m      = [
          [32m+[0m [0m"0.0.0.0/0",
        ]
      [32m+[0m [0m[1m[0msource_tags[0m[0m        = [
          [32m+[0m [0m"https-server",
        ]

      [32m+[0m [0mallow {
          [32m+[0m [0m[1m[0mports[0m[0m    = [
              [32m+[0m [0m"443",
            ]
          [32m+[0m [0m[1m[0mprotocol[0m[0m = "tcp"
        }
    }

[1m  # module.network[0].google_compute_firewall.allow_ssh_rule[0m will be created[0m[0m
[0m  [32m+[0m[0m resource "google_compute_firewall" "allow_ssh_rule" {
      [32m+[0m [0m[1m[0mcreation_timestamp[0m[0m = (known after apply)
      [32m+[0m [0m[1m[0mdestination_ranges[0m[0m = (known after apply)
      [32m+[0m [0m[1m[0mdirection[0m[0m          = (known after apply)
      [32m+[0m [0m[1m[0menable_logging[0m[0m     = (known after apply)
      [32m+[0m [0m[1m[0mid[0m[0m                 = (known after apply)
      [32m+[0m [0m[1m[0mname[0m[0m               = "nagheye-allow-ssh"
      [32m+[0m [0m[1m[0mnetwork[0m[0m            = "nagheye-network"
      [32m+[0m [0m[1m[0mpriority[0m[0m           = 1000
      [32m+[0m [0m[1m[0mproject[0m[0m            = "matthews-personal-project"
      [32m+[0m [0m[1m[0mself_link[0m[0m          = (known after apply)
      [32m+[0m [0m[1m[0msource_ranges[0m[0m      = [
          [32m+[0m [0m"0.0.0.0/0",
        ]
      [32m+[0m [0m[1m[0msource_tags[0m[0m        = [
          [32m+[0m [0m"ssh-server",
        ]

      [32m+[0m [0mallow {
          [32m+[0m [0m[1m[0mports[0m[0m    = [
              [32m+[0m [0m"22",
            ]
          [32m+[0m [0m[1m[0mprotocol[0m[0m = "tcp"
        }
    }

[1m  # module.network[0].google_compute_network.hosting_vpc[0m will be created[0m[0m
[0m  [32m+[0m[0m resource "google_compute_network" "hosting_vpc" {
      [32m+[0m [0m[1m[0mauto_create_subnetworks[0m[0m         = false
      [32m+[0m [0m[1m[0mdelete_default_routes_on_create[0m[0m = false
      [32m+[0m [0m[1m[0mgateway_ipv4[0m[0m                    = (known after apply)
      [32m+[0m [0m[1m[0mid[0m[0m                              = (known after apply)
      [32m+[0m [0m[1m[0mmtu[0m[0m                             = (known after apply)
      [32m+[0m [0m[1m[0mname[0m[0m                            = "nagheye-network"
      [32m+[0m [0m[1m[0mproject[0m[0m                         = "matthews-personal-project"
      [32m+[0m [0m[1m[0mrouting_mode[0m[0m                    = (known after apply)
      [32m+[0m [0m[1m[0mself_link[0m[0m                       = (known after apply)
    }

[1m  # module.network[0].google_compute_subnetwork.hosting_subnetwork[0m will be created[0m[0m
[0m  [32m+[0m[0m resource "google_compute_subnetwork" "hosting_subnetwork" {
      [32m+[0m [0m[1m[0mcreation_timestamp[0m[0m         = (known after apply)
      [32m+[0m [0m[1m[0mexternal_ipv6_prefix[0m[0m       = (known after apply)
      [32m+[0m [0m[1m[0mfingerprint[0m[0m                = (known after apply)
      [32m+[0m [0m[1m[0mgateway_address[0m[0m            = (known after apply)
      [32m+[0m [0m[1m[0mid[0m[0m                         = (known after apply)
      [32m+[0m [0m[1m[0mip_cidr_range[0m[0m              = "10.2.0.0/28"
      [32m+[0m [0m[1m[0mipv6_cidr_range[0m[0m            = (known after apply)
      [32m+[0m [0m[1m[0mname[0m[0m                       = "nagheye-subnetwork"
      [32m+[0m [0m[1m[0mnetwork[0m[0m                    = "nagheye-network"
      [32m+[0m [0m[1m[0mprivate_ipv6_google_access[0m[0m = (known after apply)
      [32m+[0m [0m[1m[0mproject[0m[0m                    = (known after apply)
      [32m+[0m [0m[1m[0mpurpose[0m[0m                    = (known after apply)
      [32m+[0m [0m[1m[0mregion[0m[0m                     = "europe-west4"
      [32m+[0m [0m[1m[0msecondary_ip_range[0m[0m         = (known after apply)
      [32m+[0m [0m[1m[0mself_link[0m[0m                  = (known after apply)
      [32m+[0m [0m[1m[0mstack_type[0m[0m                 = (known after apply)
    }

[1m  # module.pubsub.google_pubsub_subscription.pull_subscriptions[0][0m will be created[0m[0m
[0m  [32m+[0m[0m resource "google_pubsub_subscription" "pull_subscriptions" {
      [32m+[0m [0m[1m[0mack_deadline_seconds[0m[0m       = 10
      [32m+[0m [0m[1m[0mfilter[0m[0m                     = "NOT attributes:target"
      [32m+[0m [0m[1m[0mid[0m[0m                         = (known after apply)
      [32m+[0m [0m[1m[0mlabels[0m[0m                     = {
          [32m+[0m [0m"creator"   = "matthew"
          [32m+[0m [0m"ghpcfe_id" = "nagheye"
        }
      [32m+[0m [0m[1m[0mmessage_retention_duration[0m[0m = "604800s"
      [32m+[0m [0m[1m[0mname[0m[0m                       = "nagheye-c2resp"
      [32m+[0m [0m[1m[0mpath[0m[0m                       = (known after apply)
      [32m+[0m [0m[1m[0mproject[0m[0m                    = "matthews-personal-project"
      [32m+[0m [0m[1m[0mtopic[0m[0m                      = "nagheye"

      [32m+[0m [0mexpiration_policy {
          [32m+[0m [0m[1m[0mttl[0m[0m = (known after apply)
        }
    }

[1m  # module.pubsub.google_pubsub_subscription_iam_member.pull_subscription_binding[0][0m will be created[0m[0m
[0m  [32m+[0m[0m resource "google_pubsub_subscription_iam_member" "pull_subscription_binding" {
      [32m+[0m [0m[1m[0metag[0m[0m         = (known after apply)
      [32m+[0m [0m[1m[0mid[0m[0m           = (known after apply)
      [32m+[0m [0m[1m[0mmember[0m[0m       = "serviceAccount:service-837786017708@gcp-sa-pubsub.iam.gserviceaccount.com"
      [32m+[0m [0m[1m[0mproject[0m[0m      = "matthews-personal-project"
      [32m+[0m [0m[1m[0mrole[0m[0m         = "roles/pubsub.subscriber"
      [32m+[0m [0m[1m[0msubscription[0m[0m = "nagheye-c2resp"
    }

[1m  # module.pubsub.google_pubsub_topic.topic[0][0m will be created[0m[0m
[0m  [32m+[0m[0m resource "google_pubsub_topic" "topic" {
      [32m+[0m [0m[1m[0mid[0m[0m      = (known after apply)
      [32m+[0m [0m[1m[0mlabels[0m[0m  = {
          [32m+[0m [0m"creator"   = "matthew"
          [32m+[0m [0m"ghpcfe_id" = "nagheye"
        }
      [32m+[0m [0m[1m[0mname[0m[0m    = "nagheye"
      [32m+[0m [0m[1m[0mproject[0m[0m = "matthews-personal-project"

      [32m+[0m [0mmessage_storage_policy {
          [32m+[0m [0m[1m[0mallowed_persistence_regions[0m[0m = (known after apply)
        }

      [32m+[0m [0mschema_settings {
          [32m+[0m [0m[1m[0mencoding[0m[0m = (known after apply)
          [32m+[0m [0m[1m[0mschema[0m[0m   = (known after apply)
        }
    }

[1m  # module.pubsub.google_pubsub_topic_iam_member.pull_topic_binding[0][0m will be created[0m[0m
[0m  [32m+[0m[0m resource "google_pubsub_topic_iam_member" "pull_topic_binding" {
      [32m+[0m [0m[1m[0metag[0m[0m    = (known after apply)
      [32m+[0m [0m[1m[0mid[0m[0m      = (known after apply)
      [32m+[0m [0m[1m[0mmember[0m[0m  = "serviceAccount:service-837786017708@gcp-sa-pubsub.iam.gserviceaccount.com"
      [32m+[0m [0m[1m[0mproject[0m[0m = "matthews-personal-project"
      [32m+[0m [0m[1m[0mrole[0m[0m    = "roles/pubsub.publisher"
      [32m+[0m [0m[1m[0mtopic[0m[0m   = "projects/matthews-personal-project/topics/nagheye"
    }

[1m  # module.service_account.google_project_iam_member.project-roles["fe-sa-matthews-personal-project=>roles/cloudtrace.agent"][0m will be created[0m[0m
[0m  [32m+[0m[0m resource "google_project_iam_member" "project-roles" {
      [32m+[0m [0m[1m[0metag[0m[0m    = (known after apply)
      [32m+[0m [0m[1m[0mid[0m[0m      = (known after apply)
      [32m+[0m [0m[1m[0mmember[0m[0m  = (known after apply)
      [32m+[0m [0m[1m[0mproject[0m[0m = "matthews-personal-project"
      [32m+[0m [0m[1m[0mrole[0m[0m    = "roles/cloudtrace.agent"
    }

[1m  # module.service_account.google_project_iam_member.project-roles["fe-sa-matthews-personal-project=>roles/logging.logWriter"][0m will be created[0m[0m
[0m  [32m+[0m[0m resource "google_project_iam_member" "project-roles" {
      [32m+[0m [0m[1m[0metag[0m[0m    = (known after apply)
      [32m+[0m [0m[1m[0mid[0m[0m      = (known after apply)
      [32m+[0m [0m[1m[0mmember[0m[0m  = (known after apply)
      [32m+[0m [0m[1m[0mproject[0m[0m = "matthews-personal-project"
      [32m+[0m [0m[1m[0mrole[0m[0m    = "roles/logging.logWriter"
    }

[1m  # module.service_account.google_project_iam_member.project-roles["fe-sa-matthews-personal-project=>roles/monitoring.metricWriter"][0m will be created[0m[0m
[0m  [32m+[0m[0m resource "google_project_iam_member" "project-roles" {
      [32m+[0m [0m[1m[0metag[0m[0m    = (known after apply)
      [32m+[0m [0m[1m[0mid[0m[0m      = (known after apply)
      [32m+[0m [0m[1m[0mmember[0m[0m  = (known after apply)
      [32m+[0m [0m[1m[0mproject[0m[0m = "matthews-personal-project"
      [32m+[0m [0m[1m[0mrole[0m[0m    = "roles/monitoring.metricWriter"
    }

[1m  # module.service_account.google_project_iam_member.project-roles["fe-sa-matthews-personal-project=>roles/pubsub.admin"][0m will be created[0m[0m
[0m  [32m+[0m[0m resource "google_project_iam_member" "project-roles" {
      [32m+[0m [0m[1m[0metag[0m[0m    = (known after apply)
      [32m+[0m [0m[1m[0mid[0m[0m      = (known after apply)
      [32m+[0m [0m[1m[0mmember[0m[0m  = (known after apply)
      [32m+[0m [0m[1m[0mproject[0m[0m = "matthews-personal-project"
      [32m+[0m [0m[1m[0mrole[0m[0m    = "roles/pubsub.admin"
    }

[1m  # module.service_account.google_project_iam_member.project-roles["fe-sa-matthews-personal-project=>roles/storage.objectAdmin"][0m will be created[0m[0m
[0m  [32m+[0m[0m resource "google_project_iam_member" "project-roles" {
      [32m+[0m [0m[1m[0metag[0m[0m    = (known after apply)
      [32m+[0m [0m[1m[0mid[0m[0m      = (known after apply)
      [32m+[0m [0m[1m[0mmember[0m[0m  = (known after apply)
      [32m+[0m [0m[1m[0mproject[0m[0m = "matthews-personal-project"
      [32m+[0m [0m[1m[0mrole[0m[0m    = "roles/storage.objectAdmin"
    }

[1m  # module.service_account.google_service_account.service_accounts["fe-sa"][0m will be created[0m[0m
[0m  [32m+[0m[0m resource "google_service_account" "service_accounts" {
      [32m+[0m [0m[1m[0maccount_id[0m[0m   = "nagheye-fe-sa"
      [32m+[0m [0m[1m[0mdescription[0m[0m  = "Service Account for GHPC Open Frontend"
      [32m+[0m [0m[1m[0mdisabled[0m[0m     = false
      [32m+[0m [0m[1m[0mdisplay_name[0m[0m = "Terraform-managed service account"
      [32m+[0m [0m[1m[0memail[0m[0m        = (known after apply)
      [32m+[0m [0m[1m[0mid[0m[0m           = (known after apply)
      [32m+[0m [0m[1m[0mname[0m[0m         = (known after apply)
      [32m+[0m [0m[1m[0mproject[0m[0m      = "matthews-personal-project"
      [32m+[0m [0m[1m[0munique_id[0m[0m    = (known after apply)
    }

[0m[1mPlan:[0m 23 to add, 0 to change, 0 to destroy.
[0m[0m
[1mChanges to Outputs:[0m[0m
  [32m+[0m [0m[1m[0mserver_ip[0m[0m = (known after apply)
[0m[1mmodule.control_bucket.random_id.bucket_suffix: Creating...[0m[0m
[0m[1mmodule.control_bucket.random_id.bucket_suffix: Creation complete after 0s [id=0iY][0m
[0m[1mmodule.network[0].google_compute_network.hosting_vpc: Creating...[0m[0m
[0m[1mmodule.control_bucket.google_storage_bucket.buckets["storage"]: Creating...[0m[0m
[0m[1mmodule.service_account.google_service_account.service_accounts["fe-sa"]: Creating...[0m[0m
[0m[1mmodule.pubsub.google_pubsub_topic.topic[0]: Creating...[0m[0m
[0m[1mmodule.service_account.google_service_account.service_accounts["fe-sa"]: Creation complete after 1s [id=projects/matthews-personal-project/serviceAccounts/nagheye-fe-sa@matthews-personal-project.iam.gserviceaccount.com][0m
[0m[1mmodule.service_account.google_project_iam_member.project-roles["fe-sa-matthews-personal-project=>roles/monitoring.metricWriter"]: Creating...[0m[0m
[0m[1mmodule.service_account.google_project_iam_member.project-roles["fe-sa-matthews-personal-project=>roles/storage.objectAdmin"]: Creating...[0m[0m
[0m[1mmodule.service_account.google_project_iam_member.project-roles["fe-sa-matthews-personal-project=>roles/cloudtrace.agent"]: Creating...[0m[0m
[0m[1mmodule.service_account.google_project_iam_member.project-roles["fe-sa-matthews-personal-project=>roles/pubsub.admin"]: Creating...[0m[0m
[0m[1mmodule.service_account.google_project_iam_member.project-roles["fe-sa-matthews-personal-project=>roles/logging.logWriter"]: Creating...[0m[0m
[0m[1mmodule.control_bucket.google_storage_bucket.buckets["storage"]: Creation complete after 2s [id=nagheye-europe-west4-storage][0m
[0m[1mnull_resource.uploader: Creating...[0m[0m
[0m[1mnull_resource.uploader: Provisioning with 'local-exec'...[0m[0m
[0m[1mnull_resource.uploader (local-exec):[0m [0mExecuting: ["/bin/sh" "-c" "gsutil -m cp -r ../infrastructure_files/gcs_bucket/* gs://nagheye-europe-west4-storage/"]
[0m[1mmodule.control_bucket.google_storage_bucket_iam_binding.storage_admins["storage"]: Creating...[0m[0m
[0m[1mmodule.control_bucket.google_storage_bucket_iam_binding.admins["storage"]: Creating...[0m[0m
[0m[1mnull_resource.uploader (local-exec):[0m [0mCopying file://../infrastructure_files/gcs_bucket/clusters/ansible_setup/ansible.cfg [Content-Type=application/octet-stream]...
[0m[1mnull_resource.uploader (local-exec):[0m [0mCopying file://../infrastructure_files/gcs_bucket/clusters/ansible_setup/compute.yaml [Content-Type=application/octet-stream]...
[0m[1mnull_resource.uploader (local-exec):[0m [0mCopying file://../infrastructure_files/gcs_bucket/clusters/ansible_setup/controller.yaml [Content-Type=application/octet-stream]...
[0m[1mnull_resource.uploader (local-exec):[0m [0m/ [0 files][    0.0 B/  150.0 B]
[0m[1mnull_resource.uploader (local-exec):[0m [0m/ [0 files][    0.0 B/  239.0 B]
[0m[1mnull_resource.uploader (local-exec):[0m [0m/ [0 files][    0.0 B/  484.0 B]
[0m[1mnull_resource.uploader (local-exec):[0m [0mCopying file://../infrastructure_files/gcs_bucket/clusters/ansible_setup/login.yaml [Content-Type=application/octet-stream]...
[0m[1mnull_resource.uploader (local-exec):[0m [0m/ [0 files][    0.0 B/  632.0 B]
[0m[1mnull_resource.uploader (local-exec):[0m [0mCopying file://../infrastructure_files/gcs_bucket/clusters/ansible_setup/vars.yaml [Content-Type=application/octet-stream]...
[0m[1mnull_resource.uploader (local-exec):[0m [0m/ [0/15 files][    0.0 B/ 56.1 KiB]   0% Done
[0m[1mnull_resource.uploader (local-exec):[0m [0m/ [1/15 files][  693.0 B/ 56.1 KiB]   1% Done
[0m[1mnull_resource.uploader (local-exec):[0m [0m/ [2/15 files][  693.0 B/ 56.1 KiB]   1% Done
[0m[1mnull_resource.uploader (local-exec):[0m [0m/ [3/15 files][  693.0 B/ 56.1 KiB]   1% Done
[0m[1mnull_resource.uploader (local-exec):[0m [0m/ [4/15 files][  693.0 B/ 56.1 KiB]   1% Done
[0m[1mnull_resource.uploader (local-exec):[0m [0m/ [5/15 files][  693.0 B/ 56.1 KiB]   1% Done
[0m[1mnull_resource.uploader (local-exec):[0m [0mCopying file://../infrastructure_files/gcs_bucket/clusters/ansible_setup/roles/c2_daemon/files/ghpcfe_c2.service [Content-Type=application/octet-stream]...
[0m[1mnull_resource.uploader (local-exec):[0m [0m/ [5/15 files][  693.0 B/ 56.1 KiB]   1% Done
[0m[1mnull_resource.uploader (local-exec):[0m [0mCopying file://../infrastructure_files/gcs_bucket/clusters/ansible_setup/roles/c2_daemon/files/ghpcfe_c2daemon.py [Content-Type=text/x-python]...
[0m[1mmodule.pubsub.google_pubsub_topic.topic[0]: Creation complete after 3s [id=projects/matthews-personal-project/topics/nagheye][0m
[0m[1mnull_resource.uploader (local-exec):[0m [0m/ [5/15 files][  693.0 B/ 56.1 KiB]   1% Done
[0m[1mnull_resource.uploader (local-exec):[0m [0mCopying file://../infrastructure_files/gcs_bucket/clusters/ansible_setup/roles/c2_daemon/tasks/main.yaml [Content-Type=application/octet-stream]...
[0m[1mnull_resource.uploader (local-exec):[0m [0m/ [5/15 files][  693.0 B/ 56.1 KiB]   1% Done
[0m[1mnull_resource.uploader (local-exec):[0m [0mCopying file://../infrastructure_files/gcs_bucket/clusters/ansible_setup/roles/c2_daemon/templates/ghpcfe_c2.yaml.j2 [Content-Type=application/octet-stream]...
[0m[1mnull_resource.uploader (local-exec):[0m [0m/ [5/15 files][  693.0 B/ 56.1 KiB]   1% Done
[0m[1mnull_resource.uploader (local-exec):[0m [0mCopying file://../infrastructure_files/gcs_bucket/clusters/ansible_setup/roles/common/tasks/main.yaml [Content-Type=application/octet-stream]...
[0m[1mgoogle_storage_bucket_object.deployment_file[0]: Creating...[0m[0m
[0m[1mnull_resource.uploader (local-exec):[0m [0m/ [5/15 files][  693.0 B/ 56.1 KiB]   1% Done
[0m[1mnull_resource.uploader (local-exec):[0m [0m/ [6/15 files][ 39.8 KiB/ 56.1 KiB]  70% Done
[0m[1mnull_resource.uploader (local-exec):[0m [0mCopying file://../infrastructure_files/gcs_bucket/clusters/ansible_setup/roles/dev_env/tasks/main.yaml [Content-Type=application/octet-stream]...
[0m[1mnull_resource.uploader (local-exec):[0m [0m/ [6/15 files][ 39.8 KiB/ 56.1 KiB]  70% Done
[0m[1mnull_resource.uploader (local-exec):[0m [0m-
[0m[1mnull_resource.uploader (local-exec):[0m [0m- [7/15 files][ 40.5 KiB/ 56.1 KiB]  72% Done
[0m[1mnull_resource.uploader (local-exec):[0m [0mCopying file://../infrastructure_files/gcs_bucket/clusters/ansible_setup/roles/spack_install/tasks/main.yaml [Content-Type=application/octet-stream]...
[0m[1mnull_resource.uploader (local-exec):[0m [0m- [8/15 files][ 40.5 KiB/ 56.1 KiB]  72% Done
[0m[1mnull_resource.uploader (local-exec):[0m [0m- [9/15 files][ 40.5 KiB/ 56.1 KiB]  72% Done
[0m[1mnull_resource.uploader (local-exec):[0m [0m- [10/15 files][ 40.5 KiB/ 56.1 KiB]  72% Done
[0m[1mnull_resource.uploader (local-exec):[0m [0m- [10/15 files][ 40.5 KiB/ 56.1 KiB]  72% Done
[0m[1mnull_resource.uploader (local-exec):[0m [0mCopying file://../infrastructure_files/gcs_bucket/clusters/ansible_setup/roles/spack_setup/tasks/main.yaml [Content-Type=application/octet-stream]...
[0m[1mnull_resource.uploader (local-exec):[0m [0m- [10/15 files][ 40.5 KiB/ 56.1 KiB]  72% Done
[0m[1mnull_resource.uploader (local-exec):[0m [0mCopying file://../infrastructure_files/gcs_bucket/workbench/startup_script_template.sh [Content-Type=application/x-sh]...
[0m[1mnull_resource.uploader (local-exec):[0m [0m- [10/15 files][ 40.5 KiB/ 56.1 KiB]  72% Done
[0m[1mnull_resource.uploader (local-exec):[0m [0mCopying file://../infrastructure_files/gcs_bucket/webserver/startup.sh [Content-Type=application/x-sh]...
[0m[1mnull_resource.uploader (local-exec):[0m [0m- [10/15 files][ 40.5 KiB/ 56.1 KiB]  72% Done
[0m[1mnull_resource.uploader (local-exec):[0m [0m- [11/15 files][ 40.5 KiB/ 56.1 KiB]  72% Done
[0m[1mnull_resource.uploader (local-exec):[0m [0m- [12/15 files][ 56.1 KiB/ 56.1 KiB]  99% Done
[0m[1mnull_resource.uploader (local-exec):[0m [0m- [13/15 files][ 56.1 KiB/ 56.1 KiB]  99% Done
[0m[1mnull_resource.uploader (local-exec):[0m [0m- [14/15 files][ 56.1 KiB/ 56.1 KiB]  99% Done
[0m[1mnull_resource.uploader (local-exec):[0m [0m- [15/15 files][ 56.1 KiB/ 56.1 KiB] 100% Done
[0m[1mnull_resource.uploader (local-exec):[0m [0mOperation completed over 15 objects/56.1 KiB.
[0m[1mnull_resource.uploader: Creation complete after 2s [id=5577006791947779410][0m
[0m[1mgoogle_storage_bucket_object.config_file: Creating...[0m[0m
[0m[1mgoogle_storage_bucket_object.config_file: Creation complete after 2s [id=nagheye-europe-west4-storage-webserver/config][0m
[0m[1mmodule.pubsub.google_pubsub_subscription.pull_subscriptions[0]: Creating...[0m[0m
[0m[1mmodule.service_account.google_project_iam_member.project-roles["fe-sa-matthews-personal-project=>roles/pubsub.admin"]: Creation complete after 8s [id=matthews-personal-project/roles/pubsub.admin/serviceAccount:nagheye-fe-sa@matthews-personal-project.iam.gserviceaccount.com][0m
[0m[1mmodule.pubsub.google_pubsub_topic_iam_member.pull_topic_binding[0]: Creating...[0m[0m
[0m[1mmodule.service_account.google_project_iam_member.project-roles["fe-sa-matthews-personal-project=>roles/logging.logWriter"]: Creation complete after 9s [id=matthews-personal-project/roles/logging.logWriter/serviceAccount:nagheye-fe-sa@matthews-personal-project.iam.gserviceaccount.com][0m
[0m[1mmodule.network[0].google_compute_network.hosting_vpc: Still creating... [10s elapsed][0m[0m
[0m[1mmodule.service_account.google_project_iam_member.project-roles["fe-sa-matthews-personal-project=>roles/monitoring.metricWriter"]: Creation complete after 9s [id=matthews-personal-project/roles/monitoring.metricWriter/serviceAccount:nagheye-fe-sa@matthews-personal-project.iam.gserviceaccount.com][0m
[0m[1mmodule.control_bucket.google_storage_bucket_iam_binding.admins["storage"]: Creation complete after 8s [id=b/nagheye-europe-west4-storage/roles/storage.objectAdmin][0m
[0m[1mmodule.service_account.google_project_iam_member.project-roles["fe-sa-matthews-personal-project=>roles/storage.objectAdmin"]: Creation complete after 9s [id=matthews-personal-project/roles/storage.objectAdmin/serviceAccount:nagheye-fe-sa@matthews-personal-project.iam.gserviceaccount.com][0m
[0m[1mmodule.service_account.google_project_iam_member.project-roles["fe-sa-matthews-personal-project=>roles/cloudtrace.agent"]: Creation complete after 10s [id=matthews-personal-project/roles/cloudtrace.agent/serviceAccount:nagheye-fe-sa@matthews-personal-project.iam.gserviceaccount.com][0m
[0m[1mmodule.network[0].google_compute_network.hosting_vpc: Creation complete after 11s [id=projects/matthews-personal-project/global/networks/nagheye-network][0m
[0m[1mmodule.network[0].google_compute_firewall.allow_http_rule: Creating...[0m[0m
[0m[1mmodule.network[0].google_compute_subnetwork.hosting_subnetwork: Creating...[0m[0m
[0m[1mmodule.network[0].google_compute_firewall.allow_ssh_rule: Creating...[0m[0m
[0m[1mmodule.network[0].google_compute_firewall.allow_https_rule: Creating...[0m[0m
[0m[1mmodule.pubsub.google_pubsub_subscription.pull_subscriptions[0]: Creation complete after 6s [id=projects/matthews-personal-project/subscriptions/nagheye-c2resp][0m
[0m[1mmodule.pubsub.google_pubsub_subscription_iam_member.pull_subscription_binding[0]: Creating...[0m[0m
[0m[1mmodule.control_bucket.google_storage_bucket_iam_binding.storage_admins["storage"]: Still creating... [10s elapsed][0m[0m
[0m[1mgoogle_storage_bucket_object.deployment_file[0]: Still creating... [10s elapsed][0m[0m
[0m[1mmodule.pubsub.google_pubsub_topic_iam_member.pull_topic_binding[0]: Creation complete after 5s [id=projects/matthews-personal-project/topics/nagheye/roles/pubsub.publisher/serviceAccount:service-837786017708@gcp-sa-pubsub.iam.gserviceaccount.com][0m
[0m[1mgoogle_storage_bucket_object.deployment_file[0]: Creation complete after 13s [id=nagheye-europe-west4-storage-webserver/deployment.tar.gz][0m
[0m[1mmodule.pubsub.google_pubsub_subscription_iam_member.pull_subscription_binding[0]: Creation complete after 5s [id=projects/matthews-personal-project/subscriptions/nagheye-c2resp/roles/pubsub.subscriber/serviceAccount:service-837786017708@gcp-sa-pubsub.iam.gserviceaccount.com][0m
[0m[1mmodule.control_bucket.google_storage_bucket_iam_binding.storage_admins["storage"]: Creation complete after 15s [id=b/nagheye-europe-west4-storage/roles/storage.admin][0m
[0m[1mmodule.network[0].google_compute_firewall.allow_http_rule: Still creating... [10s elapsed][0m[0m
[0m[1mmodule.network[0].google_compute_subnetwork.hosting_subnetwork: Still creating... [10s elapsed][0m[0m
[0m[1mmodule.network[0].google_compute_firewall.allow_ssh_rule: Still creating... [10s elapsed][0m[0m
[0m[1mmodule.network[0].google_compute_firewall.allow_https_rule: Still creating... [10s elapsed][0m[0m
[0m[1mmodule.network[0].google_compute_firewall.allow_https_rule: Creation complete after 12s [id=projects/matthews-personal-project/global/firewalls/nagheye-allow-https][0m
[0m[1mmodule.network[0].google_compute_firewall.allow_ssh_rule: Creation complete after 12s [id=projects/matthews-personal-project/global/firewalls/nagheye-allow-ssh][0m
[0m[1mmodule.network[0].google_compute_firewall.allow_http_rule: Creation complete after 12s [id=projects/matthews-personal-project/global/firewalls/nagheye-allow-http][0m
[0m[1mmodule.network[0].google_compute_subnetwork.hosting_subnetwork: Still creating... [20s elapsed][0m[0m
[0m[1mmodule.network[0].google_compute_subnetwork.hosting_subnetwork: Creation complete after 22s [id=projects/matthews-personal-project/regions/europe-west4/subnetworks/nagheye-subnetwork][0m
[0m[1mgoogle_compute_instance.server_vm: Creating...[0m[0m
[0m[1mgoogle_compute_instance.server_vm: Still creating... [10s elapsed][0m[0m
[0m[1mgoogle_compute_instance.server_vm: Creation complete after 12s [id=projects/matthews-personal-project/zones/europe-west4-a/instances/nagheye-server][0m
[0m[1m[32m
Apply complete! Resources: 23 added, 0 changed, 0 destroyed.
[0m[0m[1m[32m
Outputs:

[0mserver_ip = "34.141.236.98"
